
Microsoft Visual Studio Solution File, Format Version 12.00
# Visual Studio Version 16
VisualStudioVersion = 16.0.31019.35
MinimumVisualStudioVersion = 10.0.40219.1
Project("{FAE04EC0-301F-11D3-BF4B-00C04F79EFBC}") = "OptimalCutWork", "OptimalCutWork.csproj", "{5C224DC6-1076-4E42-84A9-ADF872166635}"
EndProject
Global
	GlobalSection(SolutionConfigurationPlatforms) = preSolution
		Debug|Any CPU = Debug|Any CPU
		Release|Any CPU = Release|Any CPU
	EndGlobalSection
	GlobalSection(ProjectConfigurationPlatforms) = postSolution
		{5C224DC6-1076-4E42-84A9-ADF872166635}.Debug|Any CPU.ActiveCfg = Debug|Any CPU
		{5C224DC6-1076-4E42-84A9-ADF872166635}.Debug|Any CPU.Build.0 = Debug|Any CPU
		{5C224DC6-1076-4E42-84A9-ADF872166635}.Release|Any CPU.ActiveCfg = Release|Any CPU
		{5C224DC6-1076-4E42-84A9-ADF872166635}.Release|Any CPU.Build.0 = Release|Any CPU
	EndGlobalSection
	GlobalSection(SolutionProperties) = preSolution
		HideSolutionNode = FALSE
	EndGlobalSection
	GlobalSection(ExtensibilityGlobals) = postSolution
		SolutionGuid = {57244B50-7A55-46ED-AB9E-E5BC86D9C2FE}
	EndGlobalSection
EndGlobal
